
Microsoft Visual Studio Solution File, Format Version 11.00
# Visual Studio 2010
Project("{FAE04EC0-301F-11D3-BF4B-00C04F79EFBC}") = "spine-unity-examples", "spine-unity-examples.csproj", "{85dfbd76-f901-8763-3a8b-b06d801502ad}"
EndProject
Project("{FAE04EC0-301F-11D3-BF4B-00C04F79EFBC}") = "spine-unity", "spine-unity.csproj", "{8e29f7f5-94cb-737a-5bcd-0129936fa50e}"
EndProject
Project("{FAE04EC0-301F-11D3-BF4B-00C04F79EFBC}") = "Assembly-CSharp", "Assembly-CSharp.csproj", "{6ba0d309-4fe1-997e-fe9f-c1b3779fa0ce}"
EndProject
Project("{FAE04EC0-301F-11D3-BF4B-00C04F79EFBC}") = "spine-unity-editor", "spine-unity-editor.csproj", "{69e3683a-404f-b0ad-de93-d7d9f4b6bb36}"
EndProject
Project("{FAE04EC0-301F-11D3-BF4B-00C04F79EFBC}") = "spine-unity-examples-editor", "spine-unity-examples-editor.csproj", "{46fd0660-2145-a75d-d0fb-33c54d20f741}"
EndProject
Global
	GlobalSection(SolutionConfigurationPlatforms) = preSolution
		Debug|Any CPU = Debug|Any CPU
	EndGlobalSection
	GlobalSection(ProjectConfigurationPlatforms) = postSolution
		{85dfbd76-f901-8763-3a8b-b06d801502ad}.Debug|Any CPU.ActiveCfg = Debug|Any CPU
		{85dfbd76-f901-8763-3a8b-b06d801502ad}.Debug|Any CPU.Build.0 = Debug|Any CPU
		{8e29f7f5-94cb-737a-5bcd-0129936fa50e}.Debug|Any CPU.ActiveCfg = Debug|Any CPU
		{8e29f7f5-94cb-737a-5bcd-0129936fa50e}.Debug|Any CPU.Build.0 = Debug|Any CPU
		{6ba0d309-4fe1-997e-fe9f-c1b3779fa0ce}.Debug|Any CPU.ActiveCfg = Debug|Any CPU
		{6ba0d309-4fe1-997e-fe9f-c1b3779fa0ce}.Debug|Any CPU.Build.0 = Debug|Any CPU
		{69e3683a-404f-b0ad-de93-d7d9f4b6bb36}.Debug|Any CPU.ActiveCfg = Debug|Any CPU
		{69e3683a-404f-b0ad-de93-d7d9f4b6bb36}.Debug|Any CPU.Build.0 = Debug|Any CPU
		{46fd0660-2145-a75d-d0fb-33c54d20f741}.Debug|Any CPU.ActiveCfg = Debug|Any CPU
		{46fd0660-2145-a75d-d0fb-33c54d20f741}.Debug|Any CPU.Build.0 = Debug|Any CPU
	EndGlobalSection
	GlobalSection(SolutionProperties) = preSolution
		HideSolutionNode = FALSE
	EndGlobalSection
EndGlobal
